
Microsoft Visual Studio Solution File, Format Version 12.00
# Visual Studio Version 16
VisualStudioVersion = 16.0.30907.101
MinimumVisualStudioVersion = 10.0.40219.1
Project("{6989167D-11E4-40FE-8C1A-2192A86A7E90}") = "CMS2D_V5.3", "CMS2D_V5.3.vfproj", "{CBBA6C9A-9D83-4792-8F77-E72DB8D581B9}"
EndProject
Global
	GlobalSection(SolutionConfigurationPlatforms) = preSolution
		Debug|x64 = Debug|x64
		Debug|x86 = Debug|x86
		Release|x64 = Release|x64
		Release|x86 = Release|x86
	EndGlobalSection
	GlobalSection(ProjectConfigurationPlatforms) = postSolution
		{CBBA6C9A-9D83-4792-8F77-E72DB8D581B9}.Debug|x64.ActiveCfg = Debug|x64
		{CBBA6C9A-9D83-4792-8F77-E72DB8D581B9}.Debug|x64.Build.0 = Debug|x64
		{CBBA6C9A-9D83-4792-8F77-E72DB8D581B9}.Debug|x86.ActiveCfg = Debug|Win32
		{CBBA6C9A-9D83-4792-8F77-E72DB8D581B9}.Debug|x86.Build.0 = Debug|Win32
		{CBBA6C9A-9D83-4792-8F77-E72DB8D581B9}.Release|x64.ActiveCfg = Release|x64
		{CBBA6C9A-9D83-4792-8F77-E72DB8D581B9}.Release|x64.Build.0 = Release|x64
		{CBBA6C9A-9D83-4792-8F77-E72DB8D581B9}.Release|x86.ActiveCfg = Release|Win32
		{CBBA6C9A-9D83-4792-8F77-E72DB8D581B9}.Release|x86.Build.0 = Release|Win32
	EndGlobalSection
	GlobalSection(SolutionProperties) = preSolution
		HideSolutionNode = FALSE
	EndGlobalSection
	GlobalSection(ExtensibilityGlobals) = postSolution
		SolutionGuid = {2E299124-B9A0-49DD-87B5-6940E556E3ED}
	EndGlobalSection
EndGlobal
